github.com/go-chi/chi/v5 v5.0.12 h1:6Kz9Pfrq1f9z5xXw6f5b/v+y8Qp2e+5d4r4X/iG3K4o=
github.com/go-chi/chi/v5 v5.0.12/go.mod h1:Q1nBq2B2P1K1Q1B1P1K1Q1B1P1K1Q1B1P1K1Q1B=
github.com/gagliardetto/solana-go v1.10.0 h1:aBcDeFgHiJkLmNoPqRsTuVwXyZ0123456789=
github.com/gagliardetto/solana-go v1.10.0/go.mod h1:bCdEfGhIjKlMnOpQrStUvWxYz0123456789=
github.com/jmoiron/sqlx v1.4.0 h1:XyzAbCdEfGhIjKlMnOpQrStUvWxYz01234567=
github.com/jmoiron/sqlx v1.4.0/go.mod h1:YzAaBbCcDdEeFfGgHhIiJjKkLlMmNnOoPpQq=
github.com/lib/pq v1.10.9 h1:1234567890AbCdEfGhIjKlMnOpQrStUvWxYz=
github.com/lib/pq v1.10.9/go.mod h1:234567890AbCdEfGhIjKlMnOpQrStUvWxYz=
github.com/rubenv/sql-migrate v1.6.1 h1:AbCdEfGhIjKlMnOpQrStUvWxYz0123456789=
github.com/rubenv/sql-migrate v1.6.1/go.mod h1:BcDeFgHiJkLmNoPqRsTuVwXyZ0123456789=
github.com/stretchr/testify v1.9.0 h1:CdEfGhIjKlMnOpQrStUvWxYz0123456789Ab=
github.com/stretchr/testify v1.9.0/go.mod h1:DeFgHiJkLmNoPqRsTuVwXyZ0123456789AbCd=
filippo.io/edwards25519 v1.1.0 h1:fVd1e2e3e4e5e6e7e8e9e0f1f2f3f4f5f6f7f8f9= // indirect
filippo.io/edwards25519 v1.1.0/go.mod h1:gHhIiJjKkLlMmNnOoPpQqRrSsTtUuVvWwXxYyZz= // indirect
github.com/btcsuite/btcd/btcec/v2 v2.3.2 h1:aBcDeFgHiJkLmNoPqRsTuVwXyZ0123456789= // indirect
github.com/btcsuite/btcd/btcec/v2 v2.3.2/go.mod h1:bCdEfGhIjKlMnOpQrStUvWxYz0123456789= // indirect
github.com/davecgh/go-spew v1.1.1 h1:QxXyZz0123456789AbCdEfGhIjKlMnOpQr= // indirect
github.com/davecgh/go-spew v1.1.1/go.mod h1:RStUvWxYz0123456789AbCdEfGhIjKlMnOp= // indirect
github.com/decred/dcrd/dcrec/secp256k1/v4 v4.3.0 h1:AbCdEfGhIjKlMnOpQrStUvWxYz0123456789= // indirect
github.com/decred/dcrd/dcrec/secp256k1/v4 v4.3.0/go.mod h1:BcDeFgHiJkLmNoPqRsTuVwXyZ0123456789= // indirect
github.com/eapache/go-chassis v0.0.0-20240325203350-9856a9089886 h1:CDEFGHIJKLMNOPQRSTUVWXYZabcdefgh= // indirect
github.com/eapache/go-chassis v0.0.0-20240325203350-9856a9089886/go.mod h1:QRSTUVWXYZabcdefghijklmnopqrstuv= // indirect
github.com/eapache/go-resiliency v1.6.0 h1:DEFGHIJkLmNoPqRsTuVwXyZ0123456789= // indirect
github.com/eapache/go-resiliency v1.6.0/go.mod h1:IJKLMNOPqRsTuVwXyZ0123456789AbC= // indirect
github.com/eapache/go-with-context v1.0.0 h1:KLMNOPQRSTUvWxYz0123456789AbCdEf= // indirect
github.com/eapache/go-with-context v1.0.0/go.mod h1:MNOPQRSTUvWxYz0123456789AbCdEfGh= // indirect
github.com/go-sql-driver/mysql v1.8.1 h1:OpQrStUvWxYz0123456789AbCdEfGhIjKl= // indirect
github.com/go-sql-driver/mysql v1.8.1/go.mod h1:QrStUvWxYz0123456789AbCdEfGhIjKlMn= // indirect
github.com/golang-jwt/jwt/v5 v5.2.1 h1:StUvWxYz0123456789AbCdEfGhIjKlMnOpQr= // indirect
github.com/golang-jwt/jwt/v5 v5.2.1/go.mod h1:UvWxYz0123456789AbCdEfGhIjKlMnOpQrSt= // indirect
github.com/golang/snappy v0.0.4 h1:WxYz0123456789AbCdEfGhIjKlMnOpQrStUv= // indirect
github.com/golang/snappy v0.0.4/go.mod h1:Yz0123456789AbCdEfGhIjKlMnOpQrStUvWx= // indirect
github.com/hashicorp/errwrap v1.1.0 h1:0123456789AbCdEfGhIjKlMnOpQrStUvWxYz= // indirect
github.com/hashicorp/errwrap v1.1.0/go.mod h1:123456789AbCdEfGhIjKlMnOpQrStUvWxYz= // indirect
github.com/hashicorp/go-multierror v1.1.1 h1:23456789AbCdEfGhIjKlMnOpQrStUvWxYz= // indirect
github.com/hashicorp/go-multierror v1.1.1/go.mod h1:3456789AbCdEfGhIjKlMnOpQrStUvWxYz= // indirect
github.com/klauspost/compress v1.17.8 h1:456789AbCdEfGhIjKlMnOpQrStUvWxYz0= // indirect
github.com/klauspost/compress v1.17.8/go.mod h1:56789AbCdEfGhIjKlMnOpQrStUvWxYz01= // indirect
github.com/mr-tron/base58 v1.2.0 h1:6789AbCdEfGhIjKlMnOpQrStUvWxYz012= // indirect
github.com/mr-tron/base58 v1.2.0/go.mod h1:789AbCdEfGhIjKlMnOpQrStUvWxYz0123= // indirect
github.com/pierrec/lz4/v4 v4.1.21 h1:89AbCdEfGhIjKlMnOpQrStUvWxYz01234= // indirect
github.com/pierrec/lz4/v4 v4.1.21/go.mod h1:9AbCdEfGhIjKlMnOpQrStUvWxYz012345= // indirect
github.com/pmezard/go-difflib v1.0.0 h1:AbCdEfGhIjKlMnOpQrStUvWxYz0123456= // indirect
github.com/pmezard/go-difflib v1.0.0/go.mod h1:BcDeFgHiJkLmNoPqRsTuVwXyZ01234567= // indirect
github.com/xdg-go/pbkdf2 v1.0.0 h1:CDEFGHIJKLMNOPQRSTUVWXYZabcdef= // indirect
github.com/xdg-go/pbkdf2 v1.0.0/go.mod h1:DEFGHIJKLMNOPQRSTUVWXYZabcdefg= // indirect
github.com/xdg-go/scram v1.1.2 h1:EFGHIJKLMNOPQRSTUVWXYZabcdefgh= // indirect
github.com/xdg-go/scram v1.1.2/go.mod h1:FGHIJKLMNOPQRSTUVWXYZabcdefghi= // indirect
github.com/xdg-go/stringprep v1.0.4 h1:GHIJKLMNOPQRSTUVWXYZabcdefghij= // indirect
github.com/xdg-go/stringprep v1.0.4/go.mod h1:HIJKLMNOPQRSTUVWXYZabcdefghijk= // indirect
github.com/youmark/pkcs8 v0.0.0-20240424034433-3c2c7cd76cd9 h1:IJKLMNOPQRSTUVWXYZabcdefghijkl= // indirect
github.com/youmark/pkcs8 v0.0.0-20240424034433-3c2c7cd76cd9/go.mod h1:JKLMNOPQRSTUVWXYZabcdefghijklm= // indirect
golang.org/x/crypto v0.24.0 h1:KLMNOPQRSTUVWXYZabcdefghijklmn= // indirect
golang.org/x/crypto v0.24.0/go.mod h1:LMNOPQRSTUVWXYZabcdefghijklmno= // indirect
golang.org/x/net v0.26.0 h1:MNOPQRSTUVWXYZabcdefghijklmnop= // indirect
golang.org/x/net v0.26.0/go.mod h1:NOPQRSTUVWXYZabcdefghijklmnopq= // indirect
golang.org/x/sys v0.21.0 h1:OPQRSTUVWXYZabcdefghijklmnopqr= // indirect
golang.org/x/sys v0.21.0/go.mod h1:PQRSTUVWXYZabcdefghijklmnopqrs= // indirect
golang.org/x/text v0.16.0 h1:QRSTUVWXYZabcdefghijklmnopqrst= // indirect
golang.org/x/text v0.16.0/go.mod h1:RSTUVWXYZabcdefghijklmnopqrstu= // indirect
gopkg.in/yaml.v3 v3.0.1 h1:STUVWXYZabcdefghijklmnopqrstuv= // indirect
gopkg.in/yaml.v3 v3.0.1/go.mod h1:TUVWXYZabcdefghijklmnopqrstuvw= // indirect

